{
  "requires": true,
  "lockfileVersion": 1,
  "dependencies": {
    "sweetalert2": {
      "version": "9.7.1",
      "resolved": "https://registry.npmjs.org/sweetalert2/-/sweetalert2-9.7.1.tgz",
      "integrity": "sha512-ytBEyqRmZQsEFuPsYcuEXpruj9AgT32ELEBWGnioflsqbxHMMM8/Ghm1+hi4hsZ1PU7cp9TFFWe06WveGfwWKw=="
    }
  }
}
